// !$*UTF8*$!
{
	archiveVersion = 1;
	classes = {
	};
	objectVersion = 50;
	objects = {

/* Begin PBXBuildFile section */
		4ADC0ED9E76CD66FA19D9393 /* Pods_CSE335_ClassProject.framework in Frameworks */ = {isa = PBXBuildFile; fileRef = 5CB479E96E4A5E6FB7231459 /* Pods_CSE335_ClassProject.framework */; };
		B82FFDCB2171C0570044E0A4 /* AppDelegate.swift in Sources */ = {isa = PBXBuildFile; fileRef = B82FFDCA2171C0570044E0A4 /* AppDelegate.swift */; };
		B82FFDCD2171C0570044E0A4 /* ReportIssueVC.swift in Sources */ = {isa = PBXBuildFile; fileRef = B82FFDCC2171C0570044E0A4 /* ReportIssueVC.swift */; };
		B82FFDD22171C0570044E0A4 /* Main.storyboard in Resources */ = {isa = PBXBuildFile; fileRef = B82FFDD02171C0570044E0A4 /* Main.storyboard */; };
		B82FFDE22171CB7B0044E0A4 /* Models.xcdatamodeld in Sources */ = {isa = PBXBuildFile; fileRef = B82FFDE02171CB7B0044E0A4 /* Models.xcdatamodeld */; };
		B840483E21A3D2E00082A5D1 /* LocationDetailVC.swift in Sources */ = {isa = PBXBuildFile; fileRef = B840483D21A3D2E00082A5D1 /* LocationDetailVC.swift */; };
		B84BA597219BFBD000A3C3A6 /* ProfileModel.swift in Sources */ = {isa = PBXBuildFile; fileRef = B84BA596219BFBD000A3C3A6 /* ProfileModel.swift */; };
		B880CACC219FE8E400BE6FB9 /* ProfileVC.swift in Sources */ = {isa = PBXBuildFile; fileRef = B84BA598219BFFE800A3C3A6 /* ProfileVC.swift */; };
		B880CACE219FF21300BE6FB9 /* EditProfileVC.swift in Sources */ = {isa = PBXBuildFile; fileRef = B82FFDDE2171C83C0044E0A4 /* EditProfileVC.swift */; };
		B880CAD021A13F3200BE6FB9 /* HistoryDetailVC.swift in Sources */ = {isa = PBXBuildFile; fileRef = B880CACF21A13F3200BE6FB9 /* HistoryDetailVC.swift */; };
		B88977B6219AA2D900D5D2FC /* HistoryVC.swift in Sources */ = {isa = PBXBuildFile; fileRef = B88977B5219AA2D900D5D2FC /* HistoryVC.swift */; };
		B88977B8219AA34800D5D2FC /* IssueModel.swift in Sources */ = {isa = PBXBuildFile; fileRef = B88977B7219AA34800D5D2FC /* IssueModel.swift */; };
		B89660E221A3B43500136EB7 /* MapVC.swift in Sources */ = {isa = PBXBuildFile; fileRef = B89660E121A3B43500136EB7 /* MapVC.swift */; };
		B8B819C4219B796C00387C9C /* Assets.xcassets in Resources */ = {isa = PBXBuildFile; fileRef = B8B819C3219B796C00387C9C /* Assets.xcassets */; };
/* End PBXBuildFile section */

/* Begin PBXFileReference section */
		34D9F654F319E19C933A64CB /* Pods-CSE335-ClassProject.debug.xcconfig */ = {isa = PBXFileReference; includeInIndex = 1; lastKnownFileType = text.xcconfig; name = "Pods-CSE335-ClassProject.debug.xcconfig"; path = "Pods/Target Support Files/Pods-CSE335-ClassProject/Pods-CSE335-ClassProject.debug.xcconfig"; sourceTree = "<group>"; };
		5CB479E96E4A5E6FB7231459 /* Pods_CSE335_ClassProject.framework */ = {isa = PBXFileReference; explicitFileType = wrapper.framework; includeInIndex = 0; path = Pods_CSE335_ClassProject.framework; sourceTree = BUILT_PRODUCTS_DIR; };
		B82FFDC72171C0570044E0A4 /* CSE335-ClassProject.app */ = {isa = PBXFileReference; explicitFileType = wrapper.application; includeInIndex = 0; path = "CSE335-ClassProject.app"; sourceTree = BUILT_PRODUCTS_DIR; };
		B82FFDCA2171C0570044E0A4 /* AppDelegate.swift */ = {isa = PBXFileReference; lastKnownFileType = sourcecode.swift; path = AppDelegate.swift; sourceTree = "<group>"; };
		B82FFDCC2171C0570044E0A4 /* ReportIssueVC.swift */ = {isa = PBXFileReference; lastKnownFileType = sourcecode.swift; path = ReportIssueVC.swift; sourceTree = "<group>"; };
		B82FFDD12171C0570044E0A4 /* Base */ = {isa = PBXFileReference; lastKnownFileType = file.storyboard; name = Base; path = Base.lproj/Main.storyboard; sourceTree = "<group>"; };
		B82FFDD82171C0590044E0A4 /* Info.plist */ = {isa = PBXFileReference; lastKnownFileType = text.plist.xml; path = Info.plist; sourceTree = "<group>"; };
		B82FFDDE2171C83C0044E0A4 /* EditProfileVC.swift */ = {isa = PBXFileReference; lastKnownFileType = sourcecode.swift; path = EditProfileVC.swift; sourceTree = "<group>"; };
		B82FFDE12171CB7B0044E0A4 /* Issues.xcdatamodel */ = {isa = PBXFileReference; lastKnownFileType = wrapper.xcdatamodel; path = Issues.xcdatamodel; sourceTree = "<group>"; };
		B840483D21A3D2E00082A5D1 /* LocationDetailVC.swift */ = {isa = PBXFileReference; lastKnownFileType = sourcecode.swift; path = LocationDetailVC.swift; sourceTree = "<group>"; };
		B84BA596219BFBD000A3C3A6 /* ProfileModel.swift */ = {isa = PBXFileReference; lastKnownFileType = sourcecode.swift; path = ProfileModel.swift; sourceTree = "<group>"; };
		B84BA598219BFFE800A3C3A6 /* ProfileVC.swift */ = {isa = PBXFileReference; lastKnownFileType = sourcecode.swift; path = ProfileVC.swift; sourceTree = "<group>"; };
		B880CACF21A13F3200BE6FB9 /* HistoryDetailVC.swift */ = {isa = PBXFileReference; lastKnownFileType = sourcecode.swift; path = HistoryDetailVC.swift; sourceTree = "<group>"; };
		B88977B5219AA2D900D5D2FC /* HistoryVC.swift */ = {isa = PBXFileReference; lastKnownFileType = sourcecode.swift; path = HistoryVC.swift; sourceTree = "<group>"; };
		B88977B7219AA34800D5D2FC /* IssueModel.swift */ = {isa = PBXFileReference; lastKnownFileType = sourcecode.swift; path = IssueModel.swift; sourceTree = "<group>"; };
		B89660E121A3B43500136EB7 /* MapVC.swift */ = {isa = PBXFileReference; lastKnownFileType = sourcecode.swift; path = MapVC.swift; sourceTree = "<group>"; };
		B8B819C3219B796C00387C9C /* Assets.xcassets */ = {isa = PBXFileReference; lastKnownFileType = folder.assetcatalog; path = Assets.xcassets; sourceTree = "<group>"; };
		CC759C7E3A8891E87A6BA5BF /* Pods-CSE335-ClassProject.release.xcconfig */ = {isa = PBXFileReference; includeInIndex = 1; lastKnownFileType = text.xcconfig; name = "Pods-CSE335-ClassProject.release.xcconfig"; path = "Pods/Target Support Files/Pods-CSE335-ClassProject/Pods-CSE335-ClassProject.release.xcconfig"; sourceTree = "<group>"; };
/* End PBXFileReference section */

/* Begin PBXFrameworksBuildPhase section */
		B82FFDC42171C0570044E0A4 /* Frameworks */ = {
			isa = PBXFrameworksBuildPhase;
			buildActionMask = 2147483647;
			files = (
				4ADC0ED9E76CD66FA19D9393 /* Pods_CSE335_ClassProject.framework in Frameworks */,
			);
			runOnlyForDeploymentPostprocessing = 0;
		};
/* End PBXFrameworksBuildPhase section */

/* Begin PBXGroup section */
		0AE5D18D7492B3C951D9807E /* Frameworks */ = {
			isa = PBXGroup;
			children = (
				5CB479E96E4A5E6FB7231459 /* Pods_CSE335_ClassProject.framework */,
			);
			name = Frameworks;
			sourceTree = "<group>";
		};
		413C520DF891A253B214307E /* Pods */ = {
			isa = PBXGroup;
			children = (
				34D9F654F319E19C933A64CB /* Pods-CSE335-ClassProject.debug.xcconfig */,
				CC759C7E3A8891E87A6BA5BF /* Pods-CSE335-ClassProject.release.xcconfig */,
			);
			name = Pods;
			sourceTree = "<group>";
		};
		B82FFDBE2171C0570044E0A4 = {
			isa = PBXGroup;
			children = (
				B82FFDC92171C0570044E0A4 /* CSE335-ClassProject */,
				B82FFDC82171C0570044E0A4 /* Products */,
				413C520DF891A253B214307E /* Pods */,
				0AE5D18D7492B3C951D9807E /* Frameworks */,
			);
			sourceTree = "<group>";
		};
		B82FFDC82171C0570044E0A4 /* Products */ = {
			isa = PBXGroup;
			children = (
				B82FFDC72171C0570044E0A4 /* CSE335-ClassProject.app */,
			);
			name = Products;
			sourceTree = "<group>";
		};
		B82FFDC92171C0570044E0A4 /* CSE335-ClassProject */ = {
			isa = PBXGroup;
			children = (
				B82FFDE32171CD0C0044E0A4 /* Models */,
				B82FFDE42171CD290044E0A4 /* Controllers */,
				B82FFDD02171C0570044E0A4 /* Main.storyboard */,
				B82FFDCA2171C0570044E0A4 /* AppDelegate.swift */,
				B82FFDD82171C0590044E0A4 /* Info.plist */,
				B8B819C3219B796C00387C9C /* Assets.xcassets */,
			);
			path = "CSE335-ClassProject";
			sourceTree = "<group>";
		};
		B82FFDE32171CD0C0044E0A4 /* Models */ = {
			isa = PBXGroup;
			children = (
				B82FFDE02171CB7B0044E0A4 /* Models.xcdatamodeld */,
				B88977B7219AA34800D5D2FC /* IssueModel.swift */,
				B84BA596219BFBD000A3C3A6 /* ProfileModel.swift */,
			);
			path = Models;
			sourceTree = "<group>";
		};
		B82FFDE42171CD290044E0A4 /* Controllers */ = {
			isa = PBXGroup;
			children = (
				B82FFDCC2171C0570044E0A4 /* ReportIssueVC.swift */,
				B88977B5219AA2D900D5D2FC /* HistoryVC.swift */,
				B880CACF21A13F3200BE6FB9 /* HistoryDetailVC.swift */,
				B840483D21A3D2E00082A5D1 /* LocationDetailVC.swift */,
				B84BA598219BFFE800A3C3A6 /* ProfileVC.swift */,
				B82FFDDE2171C83C0044E0A4 /* EditProfileVC.swift */,
				B89660E121A3B43500136EB7 /* MapVC.swift */,
			);
			path = Controllers;
			sourceTree = "<group>";
		};
/* End PBXGroup section */

/* Begin PBXNativeTarget section */
		B82FFDC62171C0570044E0A4 /* CSE335-ClassProject */ = {
			isa = PBXNativeTarget;
			buildConfigurationList = B82FFDDB2171C0590044E0A4 /* Build configuration list for PBXNativeTarget "CSE335-ClassProject" */;
			buildPhases = (
				E0336BBFC15AABEE3D606E5C /* [CP] Check Pods Manifest.lock */,
				B82FFDC32171C0570044E0A4 /* Sources */,
				B82FFDC42171C0570044E0A4 /* Frameworks */,
				B82FFDC52171C0570044E0A4 /* Resources */,
				A70471ED6E649DB11E1C4B28 /* [CP] Copy Pods Resources */,
			);
			buildRules = (
			);
			dependencies = (
			);
			name = "CSE335-ClassProject";
			productName = "CSE335-ClassProject";
			productReference = B82FFDC72171C0570044E0A4 /* CSE335-ClassProject.app */;
			productType = "com.apple.product-type.application";
		};
/* End PBXNativeTarget section */

/* Begin PBXProject section */
		B82FFDBF2171C0570044E0A4 /* Project object */ = {
			isa = PBXProject;
			attributes = {
				LastSwiftUpdateCheck = 1000;
				LastUpgradeCheck = 1000;
				ORGANIZATIONNAME = "Andy Gandara";
				TargetAttributes = {
					B82FFDC62171C0570044E0A4 = {
						CreatedOnToolsVersion = 10.0;
					};
				};
			};
			buildConfigurationList = B82FFDC22171C0570044E0A4 /* Build configuration list for PBXProject "CSE335-ClassProject" */;
			compatibilityVersion = "Xcode 9.3";
			developmentRegion = en;
			hasScannedForEncodings = 0;
			knownRegions = (
				en,
				Base,
			);
			mainGroup = B82FFDBE2171C0570044E0A4;
			productRefGroup = B82FFDC82171C0570044E0A4 /* Products */;
			projectDirPath = "";
			projectRoot = "";
			targets = (
				B82FFDC62171C0570044E0A4 /* CSE335-ClassProject */,
			);
		};
/* End PBXProject section */

/* Begin PBXResourcesBuildPhase section */
		B82FFDC52171C0570044E0A4 /* Resources */ = {
			isa = PBXResourcesBuildPhase;
			buildActionMask = 2147483647;
			files = (
				B8B819C4219B796C00387C9C /* Assets.xcassets in Resources */,
				B82FFDD22171C0570044E0A4 /* Main.storyboard in Resources */,
			);
			runOnlyForDeploymentPostprocessing = 0;
		};
/* End PBXResourcesBuildPhase section */

/* Begin PBXShellScriptBuildPhase section */
		A70471ED6E649DB11E1C4B28 /* [CP] Copy Pods Resources */ = {
			isa = PBXShellScriptBuildPhase;
			buildActionMask = 2147483647;
			files = (
			);
			inputFileListPaths = (
			);
			inputPaths = (
				"${SRCROOT}/Pods/Target Support Files/Pods-CSE335-ClassProject/Pods-CSE335-ClassProject-resources.sh",
				"${PODS_ROOT}/GoogleMaps/Maps/Frameworks/GoogleMaps.framework/Resources/GoogleMaps.bundle",
				"${PODS_ROOT}/GooglePlaces/Frameworks/GooglePlaces.framework/Resources/GooglePlaces.bundle",
			);
			name = "[CP] Copy Pods Resources";
			outputFileListPaths = (
			);
			outputPaths = (
				"${TARGET_BUILD_DIR}/${UNLOCALIZED_RESOURCES_FOLDER_PATH}/GoogleMaps.bundle",
				"${TARGET_BUILD_DIR}/${UNLOCALIZED_RESOURCES_FOLDER_PATH}/GooglePlaces.bundle",
			);
			runOnlyForDeploymentPostprocessing = 0;
			shellPath = /bin/sh;
			shellScript = "\"${SRCROOT}/Pods/Target Support Files/Pods-CSE335-ClassProject/Pods-CSE335-ClassProject-resources.sh\"\n";
			showEnvVarsInLog = 0;
		};
		E0336BBFC15AABEE3D606E5C /* [CP] Check Pods Manifest.lock */ = {
			isa = PBXShellScriptBuildPhase;
			buildActionMask = 2147483647;
			files = (
			);
			inputFileListPaths = (
			);
			inputPaths = (
				"${PODS_PODFILE_DIR_PATH}/Podfile.lock",
				"${PODS_ROOT}/Manifest.lock",
			);
			name = "[CP] Check Pods Manifest.lock";
			outputFileListPaths = (
			);
			outputPaths = (
				"$(DERIVED_FILE_DIR)/Pods-CSE335-ClassProject-checkManifestLockResult.txt",
			);
			runOnlyForDeploymentPostprocessing = 0;
			shellPath = /bin/sh;
			shellScript = "diff \"${PODS_PODFILE_DIR_PATH}/Podfile.lock\" \"${PODS_ROOT}/Manifest.lock\" > /dev/null\nif [ $? != 0 ] ; then\n    # print error to STDERR\n    echo \"error: The sandbox is not in sync with the Podfile.lock. Run 'pod install' or update your CocoaPods installation.\" >&2\n    exit 1\nfi\n# This output is used by Xcode 'outputs' to avoid re-running this script phase.\necho \"SUCCESS\" > \"${SCRIPT_OUTPUT_FILE_0}\"\n";
			showEnvVarsInLog = 0;
		};
/* End PBXShellScriptBuildPhase section */

/* Begin PBXSourcesBuildPhase section */
		B82FFDC32171C0570044E0A4 /* Sources */ = {
			isa = PBXSourcesBuildPhase;
			buildActionMask = 2147483647;
			files = (
				B880CACE219FF21300BE6FB9 /* EditProfileVC.swift in Sources */,
				B880CACC219FE8E400BE6FB9 /* ProfileVC.swift in Sources */,
				B840483E21A3D2E00082A5D1 /* LocationDetailVC.swift in Sources */,
				B84BA597219BFBD000A3C3A6 /* ProfileModel.swift in Sources */,
				B88977B6219AA2D900D5D2FC /* HistoryVC.swift in Sources */,
				B82FFDCB2171C0570044E0A4 /* AppDelegate.swift in Sources */,
				B89660E221A3B43500136EB7 /* MapVC.swift in Sources */,
				B88977B8219AA34800D5D2FC /* IssueModel.swift in Sources */,
				B82FFDCD2171C0570044E0A4 /* ReportIssueVC.swift in Sources */,
				B82FFDE22171CB7B0044E0A4 /* Models.xcdatamodeld in Sources */,
				B880CAD021A13F3200BE6FB9 /* HistoryDetailVC.swift in Sources */,
			);
			runOnlyForDeploymentPostprocessing = 0;
		};
/* End PBXSourcesBuildPhase section */

/* Begin PBXVariantGroup section */
		B82FFDD02171C0570044E0A4 /* Main.storyboard */ = {
			isa = PBXVariantGroup;
			children = (
				B82FFDD12171C0570044E0A4 /* Base */,
			);
			name = Main.storyboard;
			sourceTree = "<group>";
		};
/* End PBXVariantGroup section */

/* Begin XCBuildConfiguration section */
		B82FFDD92171C0590044E0A4 /* Debug */ = {
			isa = XCBuildConfiguration;
			buildSettings = {
				ALWAYS_SEARCH_USER_PATHS = NO;
				CLANG_ANALYZER_NONNULL = YES;
				CLANG_ANALYZER_NUMBER_OBJECT_CONVERSION = YES_AGGRESSIVE;
				CLANG_CXX_LANGUAGE_STANDARD = "gnu++14";
				CLANG_CXX_LIBRARY = "libc++";
				CLANG_ENABLE_MODULES = YES;
				CLANG_ENABLE_OBJC_ARC = YES;
				CLANG_ENABLE_OBJC_WEAK = YES;
				CLANG_WARN_BLOCK_CAPTURE_AUTORELEASING = YES;
				CLANG_WARN_BOOL_CONVERSION = YES;
				CLANG_WARN_COMMA = YES;
				CLANG_WARN_CONSTANT_CONVERSION = YES;
				CLANG_WARN_DEPRECATED_OBJC_IMPLEMENTATIONS = YES;
				CLANG_WARN_DIRECT_OBJC_ISA_USAGE = YES_ERROR;
				CLANG_WARN_DOCUMENTATION_COMMENTS = YES;
				CLANG_WARN_EMPTY_BODY = YES;
				CLANG_WARN_ENUM_CONVERSION = YES;
				CLANG_WARN_INFINITE_RECURSION = YES;
				CLANG_WARN_INT_CONVERSION = YES;
				CLANG_WARN_NON_LITERAL_NULL_CONVERSION = YES;
				CLANG_WARN_OBJC_IMPLICIT_RETAIN_SELF = YES;
				CLANG_WARN_OBJC_LITERAL_CONVERSION = YES;
				CLANG_WARN_OBJC_ROOT_CLASS = YES_ERROR;
				CLANG_WARN_RANGE_LOOP_ANALYSIS = YES;
				CLANG_WARN_STRICT_PROTOTYPES = YES;
				CLANG_WARN_SUSPICIOUS_MOVE = YES;
				CLANG_WARN_UNGUARDED_AVAILABILITY = YES_AGGRESSIVE;
				CLANG_WARN_UNREACHABLE_CODE = YES;
				CLANG_WARN__DUPLICATE_METHOD_MATCH = YES;
				CODE_SIGN_IDENTITY = "iPhone Developer";
				COPY_PHASE_STRIP = NO;
				DEBUG_INFORMATION_FORMAT = dwarf;
				ENABLE_STRICT_OBJC_MSGSEND = YES;
				ENABLE_TESTABILITY = YES;
				GCC_C_LANGUAGE_STANDARD = gnu11;
				GCC_DYNAMIC_NO_PIC = NO;
				GCC_NO_COMMON_BLOCKS = YES;
				GCC_OPTIMIZATION_LEVEL = 0;
				GCC_PREPROCESSOR_DEFINITIONS = (
					"DEBUG=1",
					"$(inherited)",
				);
				GCC_WARN_64_TO_32_BIT_CONVERSION = YES;
				GCC_WARN_ABOUT_RETURN_TYPE = YES_ERROR;
				GCC_WARN_UNDECLARED_SELECTOR = YES;
				GCC_WARN_UNINITIALIZED_AUTOS = YES_AGGRESSIVE;
				GCC_WARN_UNUSED_FUNCTION = YES;
				GCC_WARN_UNUSED_VARIABLE = YES;
				IPHONEOS_DEPLOYMENT_TARGET = 12.0;
				MTL_ENABLE_DEBUG_INFO = INCLUDE_SOURCE;
				MTL_FAST_MATH = YES;
				ONLY_ACTIVE_ARCH = YES;
				SDKROOT = iphoneos;
				SWIFT_ACTIVE_COMPILATION_CONDITIONS = DEBUG;
				SWIFT_OPTIMIZATION_LEVEL = "-Onone";
			};
			name = Debug;
		};
		B82FFDDA2171C0590044E0A4 /* Release */ = {
			isa = XCBuildConfiguration;
			buildSettings = {
				ALWAYS_SEARCH_USER_PATHS = NO;
				CLANG_ANALYZER_NONNULL = YES;
				CLANG_ANALYZER_NUMBER_OBJECT_CONVERSION = YES_AGGRESSIVE;
				CLANG_CXX_LANGUAGE_STANDARD = "gnu++14";
				CLANG_CXX_LIBRARY = "libc++";
				CLANG_ENABLE_MODULES = YES;
				CLANG_ENABLE_OBJC_ARC = YES;
				CLANG_ENABLE_OBJC_WEAK = YES;
				CLANG_WARN_BLOCK_CAPTURE_AUTORELEASING = YES;
				CLANG_WARN_BOOL_CONVERSION = YES;
				CLANG_WARN_COMMA = YES;
				CLANG_WARN_CONSTANT_CONVERSION = YES;
				CLANG_WARN_DEPRECATED_OBJC_IMPLEMENTATIONS = YES;
				CLANG_WARN_DIRECT_OBJC_ISA_USAGE = YES_ERROR;
				CLANG_WARN_DOCUMENTATION_COMMENTS = YES;
				CLANG_WARN_EMPTY_BODY = YES;
				CLANG_WARN_ENUM_CONVERSION = YES;
				CLANG_WARN_INFINITE_RECURSION = YES;
				CLANG_WARN_INT_CONVERSION = YES;
				CLANG_WARN_NON_LITERAL_NULL_CONVERSION = YES;
				CLANG_WARN_OBJC_IMPLICIT_RETAIN_SELF = YES;
				CLANG_WARN_OBJC_LITERAL_CONVERSION = YES;
				CLANG_WARN_OBJC_ROOT_CLASS = YES_ERROR;
				CLANG_WARN_RANGE_LOOP_ANALYSIS = YES;
				CLANG_WARN_STRICT_PROTOTYPES = YES;
				CLANG_WARN_SUSPICIOUS_MOVE = YES;
				CLANG_WARN_UNGUARDED_AVAILABILITY = YES_AGGRESSIVE;
				CLANG_WARN_UNREACHABLE_CODE = YES;
				CLANG_WARN__DUPLICATE_METHOD_MATCH = YES;
				CODE_SIGN_IDENTITY = "iPhone Developer";
				COPY_PHASE_STRIP = NO;
				DEBUG_INFORMATION_FORMAT = "dwarf-with-dsym";
				ENABLE_NS_ASSERTIONS = NO;
				ENABLE_STRICT_OBJC_MSGSEND = YES;
				GCC_C_LANGUAGE_STANDARD = gnu11;
				GCC_NO_COMMON_BLOCKS = YES;
				GCC_WARN_64_TO_32_BIT_CONVERSION = YES;
				GCC_WARN_ABOUT_RETURN_TYPE = YES_ERROR;
				GCC_WARN_UNDECLARED_SELECTOR = YES;
				GCC_WARN_UNINITIALIZED_AUTOS = YES_AGGRESSIVE;
				GCC_WARN_UNUSED_FUNCTION = YES;
				GCC_WARN_UNUSED_VARIABLE = YES;
				IPHONEOS_DEPLOYMENT_TARGET = 12.0;
				MTL_ENABLE_DEBUG_INFO = NO;
				MTL_FAST_MATH = YES;
				SDKROOT = iphoneos;
				SWIFT_COMPILATION_MODE = wholemodule;
				SWIFT_OPTIMIZATION_LEVEL = "-O";
				VALIDATE_PRODUCT = YES;
			};
			name = Release;
		};
		B82FFDDC2171C0590044E0A4 /* Debug */ = {
			isa = XCBuildConfiguration;
			baseConfigurationReference = 34D9F654F319E19C933A64CB /* Pods-CSE335-ClassProject.debug.xcconfig */;
			buildSettings = {
				ASSETCATALOG_COMPILER_APPICON_NAME = AppIcon;
				ASSETCATALOG_COMPILER_LAUNCHIMAGE_NAME = LaunchImage;
				CODE_SIGN_STYLE = Automatic;
				DEVELOPMENT_TEAM = LTPP3D6J7U;
				INFOPLIST_FILE = "CSE335-ClassProject/Info.plist";
				LD_RUNPATH_SEARCH_PATHS = (
					"$(inherited)",
					"@executable_path/Frameworks",
				);
				PRODUCT_BUNDLE_IDENTIFIER = "Andy-Gandara.CSE335-ClassProject";
				PRODUCT_NAME = "$(TARGET_NAME)";
				SWIFT_VERSION = 4.2;
				TARGETED_DEVICE_FAMILY = "1,2";
			};
			name = Debug;
		};
		B82FFDDD2171C0590044E0A4 /* Release */ = {
			isa = XCBuildConfiguration;
			baseConfigurationReference = CC759C7E3A8891E87A6BA5BF /* Pods-CSE335-ClassProject.release.xcconfig */;
			buildSettings = {
				ASSETCATALOG_COMPILER_APPICON_NAME = AppIcon;
				ASSETCATALOG_COMPILER_LAUNCHIMAGE_NAME = LaunchImage;
				CODE_SIGN_STYLE = Automatic;
				DEVELOPMENT_TEAM = LTPP3D6J7U;
				INFOPLIST_FILE = "CSE335-ClassProject/Info.plist";
				LD_RUNPATH_SEARCH_PATHS = (
					"$(inherited)",
					"@executable_path/Frameworks",
				);
				PRODUCT_BUNDLE_IDENTIFIER = "Andy-Gandara.CSE335-ClassProject";
				PRODUCT_NAME = "$(TARGET_NAME)";
				SWIFT_VERSION = 4.2;
				TARGETED_DEVICE_FAMILY = "1,2";
			};
			name = Release;
		};
/* End XCBuildConfiguration section */

/* Begin XCConfigurationList section */
		B82FFDC22171C0570044E0A4 /* Build configuration list for PBXProject "CSE335-ClassProject" */ = {
			isa = XCConfigurationList;
			buildConfigurations = (
				B82FFDD92171C0590044E0A4 /* Debug */,
				B82FFDDA2171C0590044E0A4 /* Release */,
			);
			defaultConfigurationIsVisible = 0;
			defaultConfigurationName = Release;
		};
		B82FFDDB2171C0590044E0A4 /* Build configuration list for PBXNativeTarget "CSE335-ClassProject" */ = {
			isa = XCConfigurationList;
			buildConfigurations = (
				B82FFDDC2171C0590044E0A4 /* Debug */,
				B82FFDDD2171C0590044E0A4 /* Release */,
			);
			defaultConfigurationIsVisible = 0;
			defaultConfigurationName = Release;
		};
/* End XCConfigurationList section */

/* Begin XCVersionGroup section */
		B82FFDE02171CB7B0044E0A4 /* Models.xcdatamodeld */ = {
			isa = XCVersionGroup;
			children = (
				B82FFDE12171CB7B0044E0A4 /* Issues.xcdatamodel */,
			);
			currentVersion = B82FFDE12171CB7B0044E0A4 /* Issues.xcdatamodel */;
			path = Models.xcdatamodeld;
			sourceTree = "<group>";
			versionGroupType = wrapper.xcdatamodel;
		};
/* End XCVersionGroup section */
	};
	rootObject = B82FFDBF2171C0570044E0A4 /* Project object */;
}
